
Microsoft Visual Studio Solution File, Format Version 12.00
# Visual Studio Version 17
VisualStudioVersion = 17.2.32526.322
MinimumVisualStudioVersion = 10.0.40219.1
Project("{9A19103F-16F7-4668-BE54-9A1E7A4F7556}") = "BankAccountScraping", "BankAccountScraping\BankAccountScraping.csproj", "{1AD57F43-D648-4845-B671-C0883207DE7D}"
EndProject
Project("{FAE04EC0-301F-11D3-BF4B-00C04F79EFBC}") = "TestPlayWright", "TestProject1\TestPlayWright.csproj", "{62B9DC36-0F2C-43F6-AB90-E4ADD23A7719}"
EndProject
Global
	GlobalSection(SolutionConfigurationPlatforms) = preSolution
		Debug|Any CPU = Debug|Any CPU
		Release|Any CPU = Release|Any CPU
	EndGlobalSection
	GlobalSection(ProjectConfigurationPlatforms) = postSolution
		{1AD57F43-D648-4845-B671-C0883207DE7D}.Debug|Any CPU.ActiveCfg = Debug|Any CPU
		{1AD57F43-D648-4845-B671-C0883207DE7D}.Debug|Any CPU.Build.0 = Debug|Any CPU
		{1AD57F43-D648-4845-B671-C0883207DE7D}.Release|Any CPU.ActiveCfg = Release|Any CPU
		{1AD57F43-D648-4845-B671-C0883207DE7D}.Release|Any CPU.Build.0 = Release|Any CPU
		{62B9DC36-0F2C-43F6-AB90-E4ADD23A7719}.Debug|Any CPU.ActiveCfg = Debug|Any CPU
		{62B9DC36-0F2C-43F6-AB90-E4ADD23A7719}.Debug|Any CPU.Build.0 = Debug|Any CPU
		{62B9DC36-0F2C-43F6-AB90-E4ADD23A7719}.Release|Any CPU.ActiveCfg = Release|Any CPU
		{62B9DC36-0F2C-43F6-AB90-E4ADD23A7719}.Release|Any CPU.Build.0 = Release|Any CPU
	EndGlobalSection
	GlobalSection(SolutionProperties) = preSolution
		HideSolutionNode = FALSE
	EndGlobalSection
	GlobalSection(ExtensibilityGlobals) = postSolution
		SolutionGuid = {405D5325-8B28-484E-8399-BDD61FA196AF}
	EndGlobalSection
EndGlobal
